
Microsoft Visual Studio Solution File, Format Version 12.00
# Visual Studio 15
VisualStudioVersion = 15.0.28307.329
MinimumVisualStudioVersion = 10.0.40219.1
Project("{FAE04EC0-301F-11D3-BF4B-00C04F79EFBC}") = "Doist.Estimate.Api", "Doist.Estimate.Api\Doist.Estimate.Api.csproj", "{2D89C8D4-92AE-470B-8D0E-36AD7AAF3DFC}"
EndProject
Global
	GlobalSection(SolutionConfigurationPlatforms) = preSolution
		Debug|Any CPU = Debug|Any CPU
		Release|Any CPU = Release|Any CPU
	EndGlobalSection
	GlobalSection(ProjectConfigurationPlatforms) = postSolution
		{2D89C8D4-92AE-470B-8D0E-36AD7AAF3DFC}.Debug|Any CPU.ActiveCfg = Debug|Any CPU
		{2D89C8D4-92AE-470B-8D0E-36AD7AAF3DFC}.Debug|Any CPU.Build.0 = Debug|Any CPU
		{2D89C8D4-92AE-470B-8D0E-36AD7AAF3DFC}.Release|Any CPU.ActiveCfg = Release|Any CPU
		{2D89C8D4-92AE-470B-8D0E-36AD7AAF3DFC}.Release|Any CPU.Build.0 = Release|Any CPU
	EndGlobalSection
	GlobalSection(SolutionProperties) = preSolution
		HideSolutionNode = FALSE
	EndGlobalSection
	GlobalSection(ExtensibilityGlobals) = postSolution
		SolutionGuid = {12F1EC30-654E-47B7-B7EF-61A11A2881BB}
	EndGlobalSection
EndGlobal
