
Microsoft Visual Studio Solution File, Format Version 12.00
# Visual Studio Version 16
VisualStudioVersion = 16.0.29025.244
MinimumVisualStudioVersion = 10.0.40219.1
Project("{9A19103F-16F7-4668-BE54-9A1E7A4F7556}") = "Doist.Estimate.Api", "Doist.Estimate.Api\Doist.Estimate.Api.csproj", "{2D89C8D4-92AE-470B-8D0E-36AD7AAF3DFC}"
EndProject
Project("{FAE04EC0-301F-11D3-BF4B-00C04F79EFBC}") = "Doist.Estimate.Api.Test", "Doist.Estimate.Api.Test\Doist.Estimate.Api.Test.csproj", "{F3D1B598-70B3-483E-85EF-57B5D33A4140}"
EndProject
Global
	GlobalSection(SolutionConfigurationPlatforms) = preSolution
		Debug|Any CPU = Debug|Any CPU
		Release|Any CPU = Release|Any CPU
	EndGlobalSection
	GlobalSection(ProjectConfigurationPlatforms) = postSolution
		{2D89C8D4-92AE-470B-8D0E-36AD7AAF3DFC}.Debug|Any CPU.ActiveCfg = Debug|Any CPU
		{2D89C8D4-92AE-470B-8D0E-36AD7AAF3DFC}.Debug|Any CPU.Build.0 = Debug|Any CPU
		{2D89C8D4-92AE-470B-8D0E-36AD7AAF3DFC}.Release|Any CPU.ActiveCfg = Release|Any CPU
		{2D89C8D4-92AE-470B-8D0E-36AD7AAF3DFC}.Release|Any CPU.Build.0 = Release|Any CPU
		{F3D1B598-70B3-483E-85EF-57B5D33A4140}.Debug|Any CPU.ActiveCfg = Debug|Any CPU
		{F3D1B598-70B3-483E-85EF-57B5D33A4140}.Debug|Any CPU.Build.0 = Debug|Any CPU
		{F3D1B598-70B3-483E-85EF-57B5D33A4140}.Release|Any CPU.ActiveCfg = Release|Any CPU
		{F3D1B598-70B3-483E-85EF-57B5D33A4140}.Release|Any CPU.Build.0 = Release|Any CPU
	EndGlobalSection
	GlobalSection(SolutionProperties) = preSolution
		HideSolutionNode = FALSE
	EndGlobalSection
	GlobalSection(ExtensibilityGlobals) = postSolution
		SolutionGuid = {12F1EC30-654E-47B7-B7EF-61A11A2881BB}
	EndGlobalSection
EndGlobal
